
Microsoft Visual Studio Solution File, Format Version 12.00
# Visual Studio Version 17
VisualStudioVersion = 17.11.35327.3
MinimumVisualStudioVersion = 10.0.40219.1
Project("{FAE04EC0-301F-11D3-BF4B-00C04F79EFBC}") = "Task1", "Task1.csproj", "{C8E977D2-1799-4710-843D-88316ECC5354}"
EndProject
Global
	GlobalSection(SolutionConfigurationPlatforms) = preSolution
		Debug|Any CPU = Debug|Any CPU
		Release|Any CPU = Release|Any CPU
	EndGlobalSection
	GlobalSection(ProjectConfigurationPlatforms) = postSolution
		{C8E977D2-1799-4710-843D-88316ECC5354}.Debug|Any CPU.ActiveCfg = Debug|Any CPU
		{C8E977D2-1799-4710-843D-88316ECC5354}.Debug|Any CPU.Build.0 = Debug|Any CPU
		{C8E977D2-1799-4710-843D-88316ECC5354}.Release|Any CPU.ActiveCfg = Release|Any CPU
		{C8E977D2-1799-4710-843D-88316ECC5354}.Release|Any CPU.Build.0 = Release|Any CPU
	EndGlobalSection
	GlobalSection(SolutionProperties) = preSolution
		HideSolutionNode = FALSE
	EndGlobalSection
	GlobalSection(ExtensibilityGlobals) = postSolution
		SolutionGuid = {46A8CB8F-2684-48CA-AD84-DDE32360EFEF}
	EndGlobalSection
EndGlobal
